
Microsoft Visual Studio Solution File, Format Version 11.00
# Visual Studio 2010
Project("{FAE04EC0-301F-11D3-BF4B-00C04F79EFBC}") = "GOSH Prevision AR Heart", "Assembly-CSharp.csproj", "{20D89EC6-1D5A-3D17-6A0F-C06D05DBACDD}"
EndProject
Project("{FAE04EC0-301F-11D3-BF4B-00C04F79EFBC}") = "GOSH Prevision AR Heart", "Assembly-CSharp-Editor.csproj", "{91C9E3E4-10E2-ED16-1F18-F3C2CCE042A6}"
EndProject
Global
	GlobalSection(SolutionConfigurationPlatforms) = preSolution
		Debug|Any CPU = Debug|Any CPU
		Release|Any CPU = Release|Any CPU
	EndGlobalSection
	GlobalSection(ProjectConfigurationPlatforms) = postSolution
		{20D89EC6-1D5A-3D17-6A0F-C06D05DBACDD}.Debug|Any CPU.ActiveCfg = Debug|Any CPU
		{20D89EC6-1D5A-3D17-6A0F-C06D05DBACDD}.Debug|Any CPU.Build.0 = Debug|Any CPU
		{20D89EC6-1D5A-3D17-6A0F-C06D05DBACDD}.Release|Any CPU.ActiveCfg = Release|Any CPU
		{20D89EC6-1D5A-3D17-6A0F-C06D05DBACDD}.Release|Any CPU.Build.0 = Release|Any CPU
		{91C9E3E4-10E2-ED16-1F18-F3C2CCE042A6}.Debug|Any CPU.ActiveCfg = Debug|Any CPU
		{91C9E3E4-10E2-ED16-1F18-F3C2CCE042A6}.Debug|Any CPU.Build.0 = Debug|Any CPU
		{91C9E3E4-10E2-ED16-1F18-F3C2CCE042A6}.Release|Any CPU.ActiveCfg = Release|Any CPU
		{91C9E3E4-10E2-ED16-1F18-F3C2CCE042A6}.Release|Any CPU.Build.0 = Release|Any CPU
	EndGlobalSection
	GlobalSection(SolutionProperties) = preSolution
		HideSolutionNode = FALSE
	EndGlobalSection
	GlobalSection(MonoDevelopProperties) = preSolution
		StartupItem = Assembly-CSharp.csproj
	EndGlobalSection
EndGlobal
